
Microsoft Visual Studio Solution File, Format Version 12.00
# Visual Studio 2012
Project("{FAE04EC0-301F-11D3-BF4B-00C04F79EFBC}") = "UFABC Help!", "UFABC Power CR\UFABC Help!.csproj", "{0F123248-8430-48DA-8FA3-C2A6F1A86794}"
EndProject
Global
	GlobalSection(SolutionConfigurationPlatforms) = preSolution
		Debug|Any CPU = Debug|Any CPU
		Release|Any CPU = Release|Any CPU
	EndGlobalSection
	GlobalSection(ProjectConfigurationPlatforms) = postSolution
		{0F123248-8430-48DA-8FA3-C2A6F1A86794}.Debug|Any CPU.ActiveCfg = Debug|Any CPU
		{0F123248-8430-48DA-8FA3-C2A6F1A86794}.Debug|Any CPU.Build.0 = Debug|Any CPU
		{0F123248-8430-48DA-8FA3-C2A6F1A86794}.Debug|Any CPU.Deploy.0 = Debug|Any CPU
		{0F123248-8430-48DA-8FA3-C2A6F1A86794}.Release|Any CPU.ActiveCfg = Release|Any CPU
		{0F123248-8430-48DA-8FA3-C2A6F1A86794}.Release|Any CPU.Build.0 = Release|Any CPU
		{0F123248-8430-48DA-8FA3-C2A6F1A86794}.Release|Any CPU.Deploy.0 = Release|Any CPU
	EndGlobalSection
	GlobalSection(SolutionProperties) = preSolution
		HideSolutionNode = FALSE
	EndGlobalSection
EndGlobal
